// !$*UTF8*$!
{
	archiveVersion = 1;
	classes = {
	};
	objectVersion = 55;
	objects = {

/* Begin PBXBuildFile section */
		A636A035272452E100BAD6E8 /* AppDelegate.swift in Sources */ = {isa = PBXBuildFile; fileRef = A636A034272452E100BAD6E8 /* AppDelegate.swift */; };
		A636A037272452E100BAD6E8 /* SceneDelegate.swift in Sources */ = {isa = PBXBuildFile; fileRef = A636A036272452E100BAD6E8 /* SceneDelegate.swift */; };
		A636A039272452E100BAD6E8 /* ViewController.swift in Sources */ = {isa = PBXBuildFile; fileRef = A636A038272452E100BAD6E8 /* ViewController.swift */; };
		A636A03C272452E100BAD6E8 /* Main.storyboard in Resources */ = {isa = PBXBuildFile; fileRef = A636A03A272452E100BAD6E8 /* Main.storyboard */; };
		A636A03E272452E200BAD6E8 /* Assets.xcassets in Resources */ = {isa = PBXBuildFile; fileRef = A636A03D272452E200BAD6E8 /* Assets.xcassets */; };
		A636A041272452E200BAD6E8 /* LaunchScreen.storyboard in Resources */ = {isa = PBXBuildFile; fileRef = A636A03F272452E200BAD6E8 /* LaunchScreen.storyboard */; };
		A636A04927248F9D00BAD6E8 /* config.swift in Sources */ = {isa = PBXBuildFile; fileRef = A636A04827248F9D00BAD6E8 /* config.swift */; };
		A636A04C2724910B00BAD6E8 /* VehicleTableViewCell.swift in Sources */ = {isa = PBXBuildFile; fileRef = A636A04A2724910B00BAD6E8 /* VehicleTableViewCell.swift */; };
		A636A04D2724910B00BAD6E8 /* VehicleTableViewCell.xib in Resources */ = {isa = PBXBuildFile; fileRef = A636A04B2724910B00BAD6E8 /* VehicleTableViewCell.xib */; };
		A687A50F27271DFC00C18EB7 /* VehicleInfoTableViewCell.swift in Sources */ = {isa = PBXBuildFile; fileRef = A687A50D27271DFC00C18EB7 /* VehicleInfoTableViewCell.swift */; };
		A687A51027271DFC00C18EB7 /* VehicleInfoTableViewCell.xib in Resources */ = {isa = PBXBuildFile; fileRef = A687A50E27271DFC00C18EB7 /* VehicleInfoTableViewCell.xib */; };
		A687A513272720AC00C18EB7 /* VehicleTitleTableViewCell.swift in Sources */ = {isa = PBXBuildFile; fileRef = A687A511272720AC00C18EB7 /* VehicleTitleTableViewCell.swift */; };
		A687A514272720AC00C18EB7 /* VehicleTitleTableViewCell.xib in Resources */ = {isa = PBXBuildFile; fileRef = A687A512272720AC00C18EB7 /* VehicleTitleTableViewCell.xib */; };
		A6A549DC2729A0F000534A8F /* NewVehicleViewController.swift in Sources */ = {isa = PBXBuildFile; fileRef = A6A549DA2729A0F000534A8F /* NewVehicleViewController.swift */; };
		A6A549DD2729A0F000534A8F /* NewVehicleViewController.xib in Resources */ = {isa = PBXBuildFile; fileRef = A6A549DB2729A0F000534A8F /* NewVehicleViewController.xib */; };
		A6A549E02729C33D00534A8F /* VehicleInfo.swift in Sources */ = {isa = PBXBuildFile; fileRef = A6A549DF2729C33D00534A8F /* VehicleInfo.swift */; };
		A6A549E32729CC7800534A8F /* NewVehicleTestViewController.swift in Sources */ = {isa = PBXBuildFile; fileRef = A6A549E12729CC7800534A8F /* NewVehicleTestViewController.swift */; };
		A6A549E42729CC7800534A8F /* NewVehicleTestViewController.xib in Resources */ = {isa = PBXBuildFile; fileRef = A6A549E22729CC7800534A8F /* NewVehicleTestViewController.xib */; };
		A6A549E72729CCD600534A8F /* NewVehicleManualAddViewController.swift in Sources */ = {isa = PBXBuildFile; fileRef = A6A549E52729CCD600534A8F /* NewVehicleManualAddViewController.swift */; };
		A6A549E82729CCD600534A8F /* NewVehicleManualAddViewController.xib in Resources */ = {isa = PBXBuildFile; fileRef = A6A549E62729CCD600534A8F /* NewVehicleManualAddViewController.xib */; };
		A6EEB04C2726FFB200715F3A /* VehicleDetailViewController.swift in Sources */ = {isa = PBXBuildFile; fileRef = A6EEB04A2726FFB200715F3A /* VehicleDetailViewController.swift */; };
		A6EEB04D2726FFB200715F3A /* VehicleDetailViewController.xib in Resources */ = {isa = PBXBuildFile; fileRef = A6EEB04B2726FFB200715F3A /* VehicleDetailViewController.xib */; };
		A6EEB053272702A900715F3A /* VehicleNoteTableViewCell.swift in Sources */ = {isa = PBXBuildFile; fileRef = A6EEB051272702A900715F3A /* VehicleNoteTableViewCell.swift */; };
		A6EEB054272702A900715F3A /* VehicleNoteTableViewCell.xib in Resources */ = {isa = PBXBuildFile; fileRef = A6EEB052272702A900715F3A /* VehicleNoteTableViewCell.xib */; };
/* End PBXBuildFile section */

/* Begin PBXFileReference section */
		A636A031272452E100BAD6E8 /* CarManager.app */ = {isa = PBXFileReference; explicitFileType = wrapper.application; includeInIndex = 0; path = CarManager.app; sourceTree = BUILT_PRODUCTS_DIR; };
		A636A034272452E100BAD6E8 /* AppDelegate.swift */ = {isa = PBXFileReference; lastKnownFileType = sourcecode.swift; path = AppDelegate.swift; sourceTree = "<group>"; };
		A636A036272452E100BAD6E8 /* SceneDelegate.swift */ = {isa = PBXFileReference; lastKnownFileType = sourcecode.swift; path = SceneDelegate.swift; sourceTree = "<group>"; };
		A636A038272452E100BAD6E8 /* ViewController.swift */ = {isa = PBXFileReference; lastKnownFileType = sourcecode.swift; path = ViewController.swift; sourceTree = "<group>"; };
		A636A03B272452E100BAD6E8 /* Base */ = {isa = PBXFileReference; lastKnownFileType = file.storyboard; name = Base; path = Base.lproj/Main.storyboard; sourceTree = "<group>"; };
		A636A03D272452E200BAD6E8 /* Assets.xcassets */ = {isa = PBXFileReference; lastKnownFileType = folder.assetcatalog; path = Assets.xcassets; sourceTree = "<group>"; };
		A636A040272452E200BAD6E8 /* Base */ = {isa = PBXFileReference; lastKnownFileType = file.storyboard; name = Base; path = Base.lproj/LaunchScreen.storyboard; sourceTree = "<group>"; };
		A636A042272452E200BAD6E8 /* Info.plist */ = {isa = PBXFileReference; lastKnownFileType = text.plist.xml; path = Info.plist; sourceTree = "<group>"; };
		A636A04827248F9D00BAD6E8 /* config.swift */ = {isa = PBXFileReference; lastKnownFileType = sourcecode.swift; path = config.swift; sourceTree = "<group>"; };
		A636A04A2724910B00BAD6E8 /* VehicleTableViewCell.swift */ = {isa = PBXFileReference; lastKnownFileType = sourcecode.swift; path = VehicleTableViewCell.swift; sourceTree = "<group>"; };
		A636A04B2724910B00BAD6E8 /* VehicleTableViewCell.xib */ = {isa = PBXFileReference; lastKnownFileType = file.xib; path = VehicleTableViewCell.xib; sourceTree = "<group>"; };
		A687A50D27271DFC00C18EB7 /* VehicleInfoTableViewCell.swift */ = {isa = PBXFileReference; lastKnownFileType = sourcecode.swift; path = VehicleInfoTableViewCell.swift; sourceTree = "<group>"; };
		A687A50E27271DFC00C18EB7 /* VehicleInfoTableViewCell.xib */ = {isa = PBXFileReference; lastKnownFileType = file.xib; path = VehicleInfoTableViewCell.xib; sourceTree = "<group>"; };
		A687A511272720AC00C18EB7 /* VehicleTitleTableViewCell.swift */ = {isa = PBXFileReference; lastKnownFileType = sourcecode.swift; path = VehicleTitleTableViewCell.swift; sourceTree = "<group>"; };
		A687A512272720AC00C18EB7 /* VehicleTitleTableViewCell.xib */ = {isa = PBXFileReference; lastKnownFileType = file.xib; path = VehicleTitleTableViewCell.xib; sourceTree = "<group>"; };
		A6A549DA2729A0F000534A8F /* NewVehicleViewController.swift */ = {isa = PBXFileReference; lastKnownFileType = sourcecode.swift; path = NewVehicleViewController.swift; sourceTree = "<group>"; };
		A6A549DB2729A0F000534A8F /* NewVehicleViewController.xib */ = {isa = PBXFileReference; lastKnownFileType = file.xib; path = NewVehicleViewController.xib; sourceTree = "<group>"; };
		A6A549DF2729C33D00534A8F /* VehicleInfo.swift */ = {isa = PBXFileReference; lastKnownFileType = sourcecode.swift; path = VehicleInfo.swift; sourceTree = "<group>"; };
		A6A549E12729CC7800534A8F /* NewVehicleTestViewController.swift */ = {isa = PBXFileReference; lastKnownFileType = sourcecode.swift; path = NewVehicleTestViewController.swift; sourceTree = "<group>"; };
		A6A549E22729CC7800534A8F /* NewVehicleTestViewController.xib */ = {isa = PBXFileReference; lastKnownFileType = file.xib; path = NewVehicleTestViewController.xib; sourceTree = "<group>"; };
		A6A549E52729CCD600534A8F /* NewVehicleManualAddViewController.swift */ = {isa = PBXFileReference; lastKnownFileType = sourcecode.swift; path = NewVehicleManualAddViewController.swift; sourceTree = "<group>"; };
		A6A549E62729CCD600534A8F /* NewVehicleManualAddViewController.xib */ = {isa = PBXFileReference; lastKnownFileType = file.xib; path = NewVehicleManualAddViewController.xib; sourceTree = "<group>"; };
		A6EEB04A2726FFB200715F3A /* VehicleDetailViewController.swift */ = {isa = PBXFileReference; lastKnownFileType = sourcecode.swift; path = VehicleDetailViewController.swift; sourceTree = "<group>"; };
		A6EEB04B2726FFB200715F3A /* VehicleDetailViewController.xib */ = {isa = PBXFileReference; lastKnownFileType = file.xib; path = VehicleDetailViewController.xib; sourceTree = "<group>"; };
		A6EEB051272702A900715F3A /* VehicleNoteTableViewCell.swift */ = {isa = PBXFileReference; lastKnownFileType = sourcecode.swift; path = VehicleNoteTableViewCell.swift; sourceTree = "<group>"; };
		A6EEB052272702A900715F3A /* VehicleNoteTableViewCell.xib */ = {isa = PBXFileReference; lastKnownFileType = file.xib; path = VehicleNoteTableViewCell.xib; sourceTree = "<group>"; };
/* End PBXFileReference section */

/* Begin PBXFrameworksBuildPhase section */
		A636A02E272452E100BAD6E8 /* Frameworks */ = {
			isa = PBXFrameworksBuildPhase;
			buildActionMask = 2147483647;
			files = (
			);
			runOnlyForDeploymentPostprocessing = 0;
		};
/* End PBXFrameworksBuildPhase section */

/* Begin PBXGroup section */
		A636A028272452E100BAD6E8 = {
			isa = PBXGroup;
			children = (
				A636A04827248F9D00BAD6E8 /* config.swift */,
				A636A033272452E100BAD6E8 /* CarManager */,
				A636A032272452E100BAD6E8 /* Products */,
			);
			sourceTree = "<group>";
		};
		A636A032272452E100BAD6E8 /* Products */ = {
			isa = PBXGroup;
			children = (
				A636A031272452E100BAD6E8 /* CarManager.app */,
			);
			name = Products;
			sourceTree = "<group>";
		};
		A636A033272452E100BAD6E8 /* CarManager */ = {
			isa = PBXGroup;
			children = (
				A6A549DE2729C33300534A8F /* Model */,
				A6EEB04E2727021500715F3A /* Views */,
				A636A034272452E100BAD6E8 /* AppDelegate.swift */,
				A636A036272452E100BAD6E8 /* SceneDelegate.swift */,
				A636A03D272452E200BAD6E8 /* Assets.xcassets */,
				A636A03F272452E200BAD6E8 /* LaunchScreen.storyboard */,
				A636A042272452E200BAD6E8 /* Info.plist */,
			);
			path = CarManager;
			sourceTree = "<group>";
		};
		A6A549D92729943900534A8F /* NewVehicleVC */ = {
			isa = PBXGroup;
			children = (
				A6A549DA2729A0F000534A8F /* NewVehicleViewController.swift */,
				A6A549DB2729A0F000534A8F /* NewVehicleViewController.xib */,
				A6A549E12729CC7800534A8F /* NewVehicleTestViewController.swift */,
				A6A549E22729CC7800534A8F /* NewVehicleTestViewController.xib */,
				A6A549E52729CCD600534A8F /* NewVehicleManualAddViewController.swift */,
				A6A549E62729CCD600534A8F /* NewVehicleManualAddViewController.xib */,
			);
			path = NewVehicleVC;
			sourceTree = "<group>";
		};
		A6A549DE2729C33300534A8F /* Model */ = {
			isa = PBXGroup;
			children = (
				A6A549DF2729C33D00534A8F /* VehicleInfo.swift */,
			);
			path = Model;
			sourceTree = "<group>";
		};
		A6EEB04E2727021500715F3A /* Views */ = {
			isa = PBXGroup;
			children = (
				A6A549D92729943900534A8F /* NewVehicleVC */,
				A6EEB0502727026100715F3A /* VehicleDetailVC */,
				A6EEB04F2727024900715F3A /* MainVC */,
			);
			path = Views;
			sourceTree = "<group>";
		};
		A6EEB04F2727024900715F3A /* MainVC */ = {
			isa = PBXGroup;
			children = (
				A636A03A272452E100BAD6E8 /* Main.storyboard */,
				A636A038272452E100BAD6E8 /* ViewController.swift */,
				A636A04A2724910B00BAD6E8 /* VehicleTableViewCell.swift */,
				A636A04B2724910B00BAD6E8 /* VehicleTableViewCell.xib */,
			);
			path = MainVC;
			sourceTree = "<group>";
		};
		A6EEB0502727026100715F3A /* VehicleDetailVC */ = {
			isa = PBXGroup;
			children = (
				A6EEB04A2726FFB200715F3A /* VehicleDetailViewController.swift */,
				A6EEB04B2726FFB200715F3A /* VehicleDetailViewController.xib */,
				A6EEB051272702A900715F3A /* VehicleNoteTableViewCell.swift */,
				A6EEB052272702A900715F3A /* VehicleNoteTableViewCell.xib */,
				A687A50D27271DFC00C18EB7 /* VehicleInfoTableViewCell.swift */,
				A687A50E27271DFC00C18EB7 /* VehicleInfoTableViewCell.xib */,
				A687A511272720AC00C18EB7 /* VehicleTitleTableViewCell.swift */,
				A687A512272720AC00C18EB7 /* VehicleTitleTableViewCell.xib */,
			);
			path = VehicleDetailVC;
			sourceTree = "<group>";
		};
/* End PBXGroup section */

/* Begin PBXNativeTarget section */
		A636A030272452E100BAD6E8 /* CarManager */ = {
			isa = PBXNativeTarget;
			buildConfigurationList = A636A045272452E200BAD6E8 /* Build configuration list for PBXNativeTarget "CarManager" */;
			buildPhases = (
				A636A02D272452E100BAD6E8 /* Sources */,
				A636A02E272452E100BAD6E8 /* Frameworks */,
				A636A02F272452E100BAD6E8 /* Resources */,
			);
			buildRules = (
			);
			dependencies = (
			);
			name = CarManager;
			productName = CarManager;
			productReference = A636A031272452E100BAD6E8 /* CarManager.app */;
			productType = "com.apple.product-type.application";
		};
/* End PBXNativeTarget section */

/* Begin PBXProject section */
		A636A029272452E100BAD6E8 /* Project object */ = {
			isa = PBXProject;
			attributes = {
				BuildIndependentTargetsInParallel = 1;
				LastSwiftUpdateCheck = 1300;
				LastUpgradeCheck = 1300;
				TargetAttributes = {
					A636A030272452E100BAD6E8 = {
						CreatedOnToolsVersion = 13.0;
					};
				};
			};
			buildConfigurationList = A636A02C272452E100BAD6E8 /* Build configuration list for PBXProject "CarManager" */;
			compatibilityVersion = "Xcode 13.0";
			developmentRegion = en;
			hasScannedForEncodings = 0;
			knownRegions = (
				en,
				Base,
			);
			mainGroup = A636A028272452E100BAD6E8;
			productRefGroup = A636A032272452E100BAD6E8 /* Products */;
			projectDirPath = "";
			projectRoot = "";
			targets = (
				A636A030272452E100BAD6E8 /* CarManager */,
			);
		};
/* End PBXProject section */

/* Begin PBXResourcesBuildPhase section */
		A636A02F272452E100BAD6E8 /* Resources */ = {
			isa = PBXResourcesBuildPhase;
			buildActionMask = 2147483647;
			files = (
				A636A04D2724910B00BAD6E8 /* VehicleTableViewCell.xib in Resources */,
				A636A041272452E200BAD6E8 /* LaunchScreen.storyboard in Resources */,
				A6A549E42729CC7800534A8F /* NewVehicleTestViewController.xib in Resources */,
				A6A549E82729CCD600534A8F /* NewVehicleManualAddViewController.xib in Resources */,
				A636A03E272452E200BAD6E8 /* Assets.xcassets in Resources */,
				A687A514272720AC00C18EB7 /* VehicleTitleTableViewCell.xib in Resources */,
				A636A03C272452E100BAD6E8 /* Main.storyboard in Resources */,
				A6A549DD2729A0F000534A8F /* NewVehicleViewController.xib in Resources */,
				A6EEB054272702A900715F3A /* VehicleNoteTableViewCell.xib in Resources */,
				A687A51027271DFC00C18EB7 /* VehicleInfoTableViewCell.xib in Resources */,
				A6EEB04D2726FFB200715F3A /* VehicleDetailViewController.xib in Resources */,
			);
			runOnlyForDeploymentPostprocessing = 0;
		};
/* End PBXResourcesBuildPhase section */

/* Begin PBXSourcesBuildPhase section */
		A636A02D272452E100BAD6E8 /* Sources */ = {
			isa = PBXSourcesBuildPhase;
			buildActionMask = 2147483647;
			files = (
				A687A50F27271DFC00C18EB7 /* VehicleInfoTableViewCell.swift in Sources */,
				A687A513272720AC00C18EB7 /* VehicleTitleTableViewCell.swift in Sources */,
				A6A549E32729CC7800534A8F /* NewVehicleTestViewController.swift in Sources */,
				A6A549DC2729A0F000534A8F /* NewVehicleViewController.swift in Sources */,
				A6EEB04C2726FFB200715F3A /* VehicleDetailViewController.swift in Sources */,
				A636A039272452E100BAD6E8 /* ViewController.swift in Sources */,
				A6EEB053272702A900715F3A /* VehicleNoteTableViewCell.swift in Sources */,
				A636A04C2724910B00BAD6E8 /* VehicleTableViewCell.swift in Sources */,
				A636A04927248F9D00BAD6E8 /* config.swift in Sources */,
				A636A035272452E100BAD6E8 /* AppDelegate.swift in Sources */,
				A6A549E02729C33D00534A8F /* VehicleInfo.swift in Sources */,
				A6A549E72729CCD600534A8F /* NewVehicleManualAddViewController.swift in Sources */,
				A636A037272452E100BAD6E8 /* SceneDelegate.swift in Sources */,
			);
			runOnlyForDeploymentPostprocessing = 0;
		};
/* End PBXSourcesBuildPhase section */

/* Begin PBXVariantGroup section */
		A636A03A272452E100BAD6E8 /* Main.storyboard */ = {
			isa = PBXVariantGroup;
			children = (
				A636A03B272452E100BAD6E8 /* Base */,
			);
			name = Main.storyboard;
			sourceTree = "<group>";
		};
		A636A03F272452E200BAD6E8 /* LaunchScreen.storyboard */ = {
			isa = PBXVariantGroup;
			children = (
				A636A040272452E200BAD6E8 /* Base */,
			);
			name = LaunchScreen.storyboard;
			sourceTree = "<group>";
		};
/* End PBXVariantGroup section */

/* Begin XCBuildConfiguration section */
		A636A043272452E200BAD6E8 /* Debug */ = {
			isa = XCBuildConfiguration;
			buildSettings = {
				ALWAYS_SEARCH_USER_PATHS = NO;
				CLANG_ANALYZER_NONNULL = YES;
				CLANG_ANALYZER_NUMBER_OBJECT_CONVERSION = YES_AGGRESSIVE;
				CLANG_CXX_LANGUAGE_STANDARD = "gnu++17";
				CLANG_CXX_LIBRARY = "libc++";
				CLANG_ENABLE_MODULES = YES;
				CLANG_ENABLE_OBJC_ARC = YES;
				CLANG_ENABLE_OBJC_WEAK = YES;
				CLANG_WARN_BLOCK_CAPTURE_AUTORELEASING = YES;
				CLANG_WARN_BOOL_CONVERSION = YES;
				CLANG_WARN_COMMA = YES;
				CLANG_WARN_CONSTANT_CONVERSION = YES;
				CLANG_WARN_DEPRECATED_OBJC_IMPLEMENTATIONS = YES;
				CLANG_WARN_DIRECT_OBJC_ISA_USAGE = YES_ERROR;
				CLANG_WARN_DOCUMENTATION_COMMENTS = YES;
				CLANG_WARN_EMPTY_BODY = YES;
				CLANG_WARN_ENUM_CONVERSION = YES;
				CLANG_WARN_INFINITE_RECURSION = YES;
				CLANG_WARN_INT_CONVERSION = YES;
				CLANG_WARN_NON_LITERAL_NULL_CONVERSION = YES;
				CLANG_WARN_OBJC_IMPLICIT_RETAIN_SELF = YES;
				CLANG_WARN_OBJC_LITERAL_CONVERSION = YES;
				CLANG_WARN_OBJC_ROOT_CLASS = YES_ERROR;
				CLANG_WARN_QUOTED_INCLUDE_IN_FRAMEWORK_HEADER = YES;
				CLANG_WARN_RANGE_LOOP_ANALYSIS = YES;
				CLANG_WARN_STRICT_PROTOTYPES = YES;
				CLANG_WARN_SUSPICIOUS_MOVE = YES;
				CLANG_WARN_UNGUARDED_AVAILABILITY = YES_AGGRESSIVE;
				CLANG_WARN_UNREACHABLE_CODE = YES;
				CLANG_WARN__DUPLICATE_METHOD_MATCH = YES;
				COPY_PHASE_STRIP = NO;
				DEBUG_INFORMATION_FORMAT = dwarf;
				ENABLE_STRICT_OBJC_MSGSEND = YES;
				ENABLE_TESTABILITY = YES;
				GCC_C_LANGUAGE_STANDARD = gnu11;
				GCC_DYNAMIC_NO_PIC = NO;
				GCC_NO_COMMON_BLOCKS = YES;
				GCC_OPTIMIZATION_LEVEL = 0;
				GCC_PREPROCESSOR_DEFINITIONS = (
					"DEBUG=1",
					"$(inherited)",
				);
				GCC_WARN_64_TO_32_BIT_CONVERSION = YES;
				GCC_WARN_ABOUT_RETURN_TYPE = YES_ERROR;
				GCC_WARN_UNDECLARED_SELECTOR = YES;
				GCC_WARN_UNINITIALIZED_AUTOS = YES_AGGRESSIVE;
				GCC_WARN_UNUSED_FUNCTION = YES;
				GCC_WARN_UNUSED_VARIABLE = YES;
				IPHONEOS_DEPLOYMENT_TARGET = 15.0;
				MTL_ENABLE_DEBUG_INFO = INCLUDE_SOURCE;
				MTL_FAST_MATH = YES;
				ONLY_ACTIVE_ARCH = YES;
				SDKROOT = iphoneos;
				SWIFT_ACTIVE_COMPILATION_CONDITIONS = DEBUG;
				SWIFT_OPTIMIZATION_LEVEL = "-Onone";
			};
			name = Debug;
		};
		A636A044272452E200BAD6E8 /* Release */ = {
			isa = XCBuildConfiguration;
			buildSettings = {
				ALWAYS_SEARCH_USER_PATHS = NO;
				CLANG_ANALYZER_NONNULL = YES;
				CLANG_ANALYZER_NUMBER_OBJECT_CONVERSION = YES_AGGRESSIVE;
				CLANG_CXX_LANGUAGE_STANDARD = "gnu++17";
				CLANG_CXX_LIBRARY = "libc++";
				CLANG_ENABLE_MODULES = YES;
				CLANG_ENABLE_OBJC_ARC = YES;
				CLANG_ENABLE_OBJC_WEAK = YES;
				CLANG_WARN_BLOCK_CAPTURE_AUTORELEASING = YES;
				CLANG_WARN_BOOL_CONVERSION = YES;
				CLANG_WARN_COMMA = YES;
				CLANG_WARN_CONSTANT_CONVERSION = YES;
				CLANG_WARN_DEPRECATED_OBJC_IMPLEMENTATIONS = YES;
				CLANG_WARN_DIRECT_OBJC_ISA_USAGE = YES_ERROR;
				CLANG_WARN_DOCUMENTATION_COMMENTS = YES;
				CLANG_WARN_EMPTY_BODY = YES;
				CLANG_WARN_ENUM_CONVERSION = YES;
				CLANG_WARN_INFINITE_RECURSION = YES;
				CLANG_WARN_INT_CONVERSION = YES;
				CLANG_WARN_NON_LITERAL_NULL_CONVERSION = YES;
				CLANG_WARN_OBJC_IMPLICIT_RETAIN_SELF = YES;
				CLANG_WARN_OBJC_LITERAL_CONVERSION = YES;
				CLANG_WARN_OBJC_ROOT_CLASS = YES_ERROR;
				CLANG_WARN_QUOTED_INCLUDE_IN_FRAMEWORK_HEADER = YES;
				CLANG_WARN_RANGE_LOOP_ANALYSIS = YES;
				CLANG_WARN_STRICT_PROTOTYPES = YES;
				CLANG_WARN_SUSPICIOUS_MOVE = YES;
				CLANG_WARN_UNGUARDED_AVAILABILITY = YES_AGGRESSIVE;
				CLANG_WARN_UNREACHABLE_CODE = YES;
				CLANG_WARN__DUPLICATE_METHOD_MATCH = YES;
				COPY_PHASE_STRIP = NO;
				DEBUG_INFORMATION_FORMAT = "dwarf-with-dsym";
				ENABLE_NS_ASSERTIONS = NO;
				ENABLE_STRICT_OBJC_MSGSEND = YES;
				GCC_C_LANGUAGE_STANDARD = gnu11;
				GCC_NO_COMMON_BLOCKS = YES;
				GCC_WARN_64_TO_32_BIT_CONVERSION = YES;
				GCC_WARN_ABOUT_RETURN_TYPE = YES_ERROR;
				GCC_WARN_UNDECLARED_SELECTOR = YES;
				GCC_WARN_UNINITIALIZED_AUTOS = YES_AGGRESSIVE;
				GCC_WARN_UNUSED_FUNCTION = YES;
				GCC_WARN_UNUSED_VARIABLE = YES;
				IPHONEOS_DEPLOYMENT_TARGET = 15.0;
				MTL_ENABLE_DEBUG_INFO = NO;
				MTL_FAST_MATH = YES;
				SDKROOT = iphoneos;
				SWIFT_COMPILATION_MODE = wholemodule;
				SWIFT_OPTIMIZATION_LEVEL = "-O";
				VALIDATE_PRODUCT = YES;
			};
			name = Release;
		};
		A636A046272452E200BAD6E8 /* Debug */ = {
			isa = XCBuildConfiguration;
			buildSettings = {
				ASSETCATALOG_COMPILER_APPICON_NAME = AppIcon;
				ASSETCATALOG_COMPILER_GLOBAL_ACCENT_COLOR_NAME = AccentColor;
				CODE_SIGN_STYLE = Automatic;
				CURRENT_PROJECT_VERSION = 1;
				DEVELOPMENT_TEAM = 4LT66343UC;
				GENERATE_INFOPLIST_FILE = YES;
				INFOPLIST_FILE = CarManager/Info.plist;
				INFOPLIST_KEY_UIApplicationSupportsIndirectInputEvents = YES;
				INFOPLIST_KEY_UILaunchStoryboardName = LaunchScreen;
				INFOPLIST_KEY_UIMainStoryboardFile = Main;
				INFOPLIST_KEY_UISupportedInterfaceOrientations_iPad = "UIInterfaceOrientationPortrait UIInterfaceOrientationPortraitUpsideDown UIInterfaceOrientationLandscapeLeft UIInterfaceOrientationLandscapeRight";
				INFOPLIST_KEY_UISupportedInterfaceOrientations_iPhone = "UIInterfaceOrientationPortrait UIInterfaceOrientationLandscapeLeft UIInterfaceOrientationLandscapeRight";
				IPHONEOS_DEPLOYMENT_TARGET = 11.0;
				LD_RUNPATH_SEARCH_PATHS = (
					"$(inherited)",
					"@executable_path/Frameworks",
				);
				MARKETING_VERSION = 1.0;
				PRODUCT_BUNDLE_IDENTIFIER = seryogas.CarManager;
				PRODUCT_NAME = "$(TARGET_NAME)";
				SWIFT_EMIT_LOC_STRINGS = YES;
				SWIFT_VERSION = 5.0;
				TARGETED_DEVICE_FAMILY = "1,2";
			};
			name = Debug;
		};
		A636A047272452E200BAD6E8 /* Release */ = {
			isa = XCBuildConfiguration;
			buildSettings = {
				ASSETCATALOG_COMPILER_APPICON_NAME = AppIcon;
				ASSETCATALOG_COMPILER_GLOBAL_ACCENT_COLOR_NAME = AccentColor;
				CODE_SIGN_STYLE = Automatic;
				CURRENT_PROJECT_VERSION = 1;
				DEVELOPMENT_TEAM = 4LT66343UC;
				GENERATE_INFOPLIST_FILE = YES;
				INFOPLIST_FILE = CarManager/Info.plist;
				INFOPLIST_KEY_UIApplicationSupportsIndirectInputEvents = YES;
				INFOPLIST_KEY_UILaunchStoryboardName = LaunchScreen;
				INFOPLIST_KEY_UIMainStoryboardFile = Main;
				INFOPLIST_KEY_UISupportedInterfaceOrientations_iPad = "UIInterfaceOrientationPortrait UIInterfaceOrientationPortraitUpsideDown UIInterfaceOrientationLandscapeLeft UIInterfaceOrientationLandscapeRight";
				INFOPLIST_KEY_UISupportedInterfaceOrientations_iPhone = "UIInterfaceOrientationPortrait UIInterfaceOrientationLandscapeLeft UIInterfaceOrientationLandscapeRight";
				IPHONEOS_DEPLOYMENT_TARGET = 11.0;
				LD_RUNPATH_SEARCH_PATHS = (
					"$(inherited)",
					"@executable_path/Frameworks",
				);
				MARKETING_VERSION = 1.0;
				PRODUCT_BUNDLE_IDENTIFIER = seryogas.CarManager;
				PRODUCT_NAME = "$(TARGET_NAME)";
				SWIFT_EMIT_LOC_STRINGS = YES;
				SWIFT_VERSION = 5.0;
				TARGETED_DEVICE_FAMILY = "1,2";
			};
			name = Release;
		};
/* End XCBuildConfiguration section */

/* Begin XCConfigurationList section */
		A636A02C272452E100BAD6E8 /* Build configuration list for PBXProject "CarManager" */ = {
			isa = XCConfigurationList;
			buildConfigurations = (
				A636A043272452E200BAD6E8 /* Debug */,
				A636A044272452E200BAD6E8 /* Release */,
			);
			defaultConfigurationIsVisible = 0;
			defaultConfigurationName = Release;
		};
		A636A045272452E200BAD6E8 /* Build configuration list for PBXNativeTarget "CarManager" */ = {
			isa = XCConfigurationList;
			buildConfigurations = (
				A636A046272452E200BAD6E8 /* Debug */,
				A636A047272452E200BAD6E8 /* Release */,
			);
			defaultConfigurationIsVisible = 0;
			defaultConfigurationName = Release;
		};
/* End XCConfigurationList section */
	};
	rootObject = A636A029272452E100BAD6E8 /* Project object */;
}
