// !$*UTF8*$!
{
	archiveVersion = 1;
	classes = {
	};
	objectVersion = 55;
	objects = {

/* Begin PBXBuildFile section */
		A601D31F2811919600078D0B /* Realm.xcframework in Frameworks */ = {isa = PBXBuildFile; fileRef = A601D31D2811919600078D0B /* Realm.xcframework */; };
		A601D3202811919600078D0B /* Realm.xcframework in Embed Frameworks */ = {isa = PBXBuildFile; fileRef = A601D31D2811919600078D0B /* Realm.xcframework */; settings = {ATTRIBUTES = (CodeSignOnCopy, RemoveHeadersOnCopy, ); }; };
		A601D3212811919600078D0B /* RealmSwift.xcframework in Frameworks */ = {isa = PBXBuildFile; fileRef = A601D31E2811919600078D0B /* RealmSwift.xcframework */; };
		A601D3222811919600078D0B /* RealmSwift.xcframework in Embed Frameworks */ = {isa = PBXBuildFile; fileRef = A601D31E2811919600078D0B /* RealmSwift.xcframework */; settings = {ATTRIBUTES = (CodeSignOnCopy, RemoveHeadersOnCopy, ); }; };
		A601D325281191F800078D0B /* Car.swift in Sources */ = {isa = PBXBuildFile; fileRef = A601D324281191F800078D0B /* Car.swift */; };
		A601D327281191FD00078D0B /* Note.swift in Sources */ = {isa = PBXBuildFile; fileRef = A601D326281191FD00078D0B /* Note.swift */; };
		A601D3292811920300078D0B /* Alert.swift in Sources */ = {isa = PBXBuildFile; fileRef = A601D3282811920300078D0B /* Alert.swift */; };
		A601D32B281195AB00078D0B /* StorageManager.swift in Sources */ = {isa = PBXBuildFile; fileRef = A601D32A281195AB00078D0B /* StorageManager.swift */; };
		A60A657D2806CBE000C362C7 /* RxCocoa.xcframework in Frameworks */ = {isa = PBXBuildFile; fileRef = A60A65702805DE1600C362C7 /* RxCocoa.xcframework */; };
		A60A657E2806CBE000C362C7 /* RxCocoa.xcframework in Embed Frameworks */ = {isa = PBXBuildFile; fileRef = A60A65702805DE1600C362C7 /* RxCocoa.xcframework */; settings = {ATTRIBUTES = (CodeSignOnCopy, RemoveHeadersOnCopy, ); }; };
		A60A657F2806CBE000C362C7 /* RxRelay.xcframework in Frameworks */ = {isa = PBXBuildFile; fileRef = A60A65712805DE1700C362C7 /* RxRelay.xcframework */; };
		A60A65802806CBE000C362C7 /* RxRelay.xcframework in Embed Frameworks */ = {isa = PBXBuildFile; fileRef = A60A65712805DE1700C362C7 /* RxRelay.xcframework */; settings = {ATTRIBUTES = (CodeSignOnCopy, RemoveHeadersOnCopy, ); }; };
		A60A65812806CBE000C362C7 /* RxSwift.xcframework in Frameworks */ = {isa = PBXBuildFile; fileRef = A60A65722805DE1700C362C7 /* RxSwift.xcframework */; };
		A60A65822806CBE000C362C7 /* RxSwift.xcframework in Embed Frameworks */ = {isa = PBXBuildFile; fileRef = A60A65722805DE1700C362C7 /* RxSwift.xcframework */; settings = {ATTRIBUTES = (CodeSignOnCopy, RemoveHeadersOnCopy, ); }; };
		A60A65852806F45300C362C7 /* SnapKit.xcframework in Frameworks */ = {isa = PBXBuildFile; fileRef = A60A65842806F45300C362C7 /* SnapKit.xcframework */; };
		A60A65862806F45300C362C7 /* SnapKit.xcframework in Embed Frameworks */ = {isa = PBXBuildFile; fileRef = A60A65842806F45300C362C7 /* SnapKit.xcframework */; settings = {ATTRIBUTES = (CodeSignOnCopy, RemoveHeadersOnCopy, ); }; };
		A60A658A280741E500C362C7 /* MainVC.swift in Sources */ = {isa = PBXBuildFile; fileRef = A60A6589280741E500C362C7 /* MainVC.swift */; };
		A60A658E2807443C00C362C7 /* StatisticsVC.swift in Sources */ = {isa = PBXBuildFile; fileRef = A60A658D2807443C00C362C7 /* StatisticsVC.swift */; };
		A60A65912807449A00C362C7 /* NotificationsVC.swift in Sources */ = {isa = PBXBuildFile; fileRef = A60A65902807449A00C362C7 /* NotificationsVC.swift */; };
		A611FE5D28366D1E0068A3DC /* CarDetailTableViewAlertCell.swift in Sources */ = {isa = PBXBuildFile; fileRef = A611FE5C28366D1E0068A3DC /* CarDetailTableViewAlertCell.swift */; };
		A611FE5F283678D10068A3DC /* AddNoteTableViewCell.swift in Sources */ = {isa = PBXBuildFile; fileRef = A611FE5E283678D10068A3DC /* AddNoteTableViewCell.swift */; };
		A611FE612836DB7F0068A3DC /* CircularButton.swift in Sources */ = {isa = PBXBuildFile; fileRef = A611FE602836DB7F0068A3DC /* CircularButton.swift */; };
		A623E7AC274917C600DAA850 /* AppFonts.swift in Sources */ = {isa = PBXBuildFile; fileRef = A623E7AB274917C600DAA850 /* AppFonts.swift */; };
		A636A035272452E100BAD6E8 /* AppDelegate.swift in Sources */ = {isa = PBXBuildFile; fileRef = A636A034272452E100BAD6E8 /* AppDelegate.swift */; };
		A636A037272452E100BAD6E8 /* SceneDelegate.swift in Sources */ = {isa = PBXBuildFile; fileRef = A636A036272452E100BAD6E8 /* SceneDelegate.swift */; };
		A636A039272452E100BAD6E8 /* GarageVC.swift in Sources */ = {isa = PBXBuildFile; fileRef = A636A038272452E100BAD6E8 /* GarageVC.swift */; };
		A636A03E272452E200BAD6E8 /* Assets.xcassets in Resources */ = {isa = PBXBuildFile; fileRef = A636A03D272452E200BAD6E8 /* Assets.xcassets */; };
		A636A041272452E200BAD6E8 /* LaunchScreen.storyboard in Resources */ = {isa = PBXBuildFile; fileRef = A636A03F272452E200BAD6E8 /* LaunchScreen.storyboard */; };
		A636A04927248F9D00BAD6E8 /* config.swift in Sources */ = {isa = PBXBuildFile; fileRef = A636A04827248F9D00BAD6E8 /* config.swift */; };
		A63B477B2735778200B33295 /* NotificationManager.swift in Sources */ = {isa = PBXBuildFile; fileRef = A63B477A2735778200B33295 /* NotificationManager.swift */; };
		A65CC3FF27E87FB700AC5FE4 /* GarageScreenViewModel.swift in Sources */ = {isa = PBXBuildFile; fileRef = A65CC3FE27E87FB700AC5FE4 /* GarageScreenViewModel.swift */; };
		A66040E7282C06F700133E1A /* NewCarViewController.swift in Sources */ = {isa = PBXBuildFile; fileRef = A66040E5282C06F700133E1A /* NewCarViewController.swift */; };
		A68BF7CC28415A2500227123 /* ImagePickerController.swift in Sources */ = {isa = PBXBuildFile; fileRef = A68BF7CB28415A2500227123 /* ImagePickerController.swift */; };
		A68CE0F02848A1A900628391 /* ExtendedUIImage.swift in Sources */ = {isa = PBXBuildFile; fileRef = A68CE0EF2848A1A900628391 /* ExtendedUIImage.swift */; };
		A68CE0F22848B10300628391 /* ExtendedUIColor.swift in Sources */ = {isa = PBXBuildFile; fileRef = A68CE0F12848B10300628391 /* ExtendedUIColor.swift */; };
		A690E49128342F83005EDC0E /* CarDetailTableViewNoteCell.swift in Sources */ = {isa = PBXBuildFile; fileRef = A690E49028342F83005EDC0E /* CarDetailTableViewNoteCell.swift */; };
		A69A0BFC2846A64100C80E0C /* NoteTableView.swift in Sources */ = {isa = PBXBuildFile; fileRef = A69A0BFB2846A64100C80E0C /* NoteTableView.swift */; };
		A69A0BFE2846AC8000C80E0C /* PieChartView.swift in Sources */ = {isa = PBXBuildFile; fileRef = A69A0BFD2846AC8000C80E0C /* PieChartView.swift */; };
		A69D84FC281316CE0008843C /* StorageError.swift in Sources */ = {isa = PBXBuildFile; fileRef = A69D84FB281316CE0008843C /* StorageError.swift */; };
		A6A549E02729C33D00534A8F /* CarInfo.swift in Sources */ = {isa = PBXBuildFile; fileRef = A6A549DF2729C33D00534A8F /* CarInfo.swift */; };
		A6BE0D7527399EDF005B1DEC /* NetworkManager.swift in Sources */ = {isa = PBXBuildFile; fileRef = A6BE0D7427399EDF005B1DEC /* NetworkManager.swift */; };
		A6BE0D78273A77B2005B1DEC /* LocationManager.swift in Sources */ = {isa = PBXBuildFile; fileRef = A6BE0D77273A77B2005B1DEC /* LocationManager.swift */; };
		A6CAC482282E60A700C2628D /* NewCarTableViewCell.swift in Sources */ = {isa = PBXBuildFile; fileRef = A6CAC481282E60A700C2628D /* NewCarTableViewCell.swift */; };
		A6D478A828181817001547B3 /* GarageScreenDIContainer.swift in Sources */ = {isa = PBXBuildFile; fileRef = A6D478A728181817001547B3 /* GarageScreenDIContainer.swift */; };
		A6D478AA28181840001547B3 /* NewCarScreenDIContainer.swift in Sources */ = {isa = PBXBuildFile; fileRef = A6D478A928181840001547B3 /* NewCarScreenDIContainer.swift */; };
		A6D478AC28181850001547B3 /* CarDetailsScreenDIContainer.swift in Sources */ = {isa = PBXBuildFile; fileRef = A6D478AB28181850001547B3 /* CarDetailsScreenDIContainer.swift */; };
		A6D478AE2818186B001547B3 /* StatisticsScreenDIContainer.swift in Sources */ = {isa = PBXBuildFile; fileRef = A6D478AD2818186B001547B3 /* StatisticsScreenDIContainer.swift */; };
		A6D478B3281818C2001547B3 /* NotificationsScreenDIContainer.swift in Sources */ = {isa = PBXBuildFile; fileRef = A6D478B2281818C2001547B3 /* NotificationsScreenDIContainer.swift */; };
		A6D478B528187CB3001547B3 /* NotificationsViewModel.swift in Sources */ = {isa = PBXBuildFile; fileRef = A6D478B428187CB3001547B3 /* NotificationsViewModel.swift */; };
		A6D478B728187CBF001547B3 /* StatisticsViewModel.swift in Sources */ = {isa = PBXBuildFile; fileRef = A6D478B628187CBF001547B3 /* StatisticsViewModel.swift */; };
		A6D478B928187CCF001547B3 /* CarDetailsViewModel.swift in Sources */ = {isa = PBXBuildFile; fileRef = A6D478B828187CCF001547B3 /* CarDetailsViewModel.swift */; };
		A6D478BB281883F5001547B3 /* AppDIContainer.swift in Sources */ = {isa = PBXBuildFile; fileRef = A6D478BA281883F5001547B3 /* AppDIContainer.swift */; };
		A6D478BD28188400001547B3 /* MainScreenDIContainer.swift in Sources */ = {isa = PBXBuildFile; fileRef = A6D478BC28188400001547B3 /* MainScreenDIContainer.swift */; };
		A6D478BF28188650001547B3 /* NewCarViewModel.swift in Sources */ = {isa = PBXBuildFile; fileRef = A6D478BE28188650001547B3 /* NewCarViewModel.swift */; };
		A6D79AFD274B71CF00EAC5EB /* CarCollectionViewCell.swift in Sources */ = {isa = PBXBuildFile; fileRef = A6D79AFB274B71CF00EAC5EB /* CarCollectionViewCell.swift */; };
		A6D79B14274CF27300EAC5EB /* CarCollectionLayout.swift in Sources */ = {isa = PBXBuildFile; fileRef = A6D79B13274CF27300EAC5EB /* CarCollectionLayout.swift */; };
		A6EEB04C2726FFB200715F3A /* CarDetailsVC.swift in Sources */ = {isa = PBXBuildFile; fileRef = A6EEB04A2726FFB200715F3A /* CarDetailsVC.swift */; };
		A6F2C5832847698A0025A75B /* StatisticsTableViewCell.swift in Sources */ = {isa = PBXBuildFile; fileRef = A6F2C5822847698A0025A75B /* StatisticsTableViewCell.swift */; };
		A6F2C58528476D790025A75B /* PieChartHeaderView.swift in Sources */ = {isa = PBXBuildFile; fileRef = A6F2C58428476D790025A75B /* PieChartHeaderView.swift */; };
		A6FC2AAC28313C0100D40FB6 /* CircularImageView.swift in Sources */ = {isa = PBXBuildFile; fileRef = A6FC2AAB28313C0100D40FB6 /* CircularImageView.swift */; };
		A6FC2AAE28313FE700D40FB6 /* CarDetailTableHeader.swift in Sources */ = {isa = PBXBuildFile; fileRef = A6FC2AAD28313FE700D40FB6 /* CarDetailTableHeader.swift */; };
/* End PBXBuildFile section */

/* Begin PBXCopyFilesBuildPhase section */
		A60A65832806CBE000C362C7 /* Embed Frameworks */ = {
			isa = PBXCopyFilesBuildPhase;
			buildActionMask = 2147483647;
			dstPath = "";
			dstSubfolderSpec = 10;
			files = (
				A60A65862806F45300C362C7 /* SnapKit.xcframework in Embed Frameworks */,
				A601D3222811919600078D0B /* RealmSwift.xcframework in Embed Frameworks */,
				A60A65822806CBE000C362C7 /* RxSwift.xcframework in Embed Frameworks */,
				A60A657E2806CBE000C362C7 /* RxCocoa.xcframework in Embed Frameworks */,
				A60A65802806CBE000C362C7 /* RxRelay.xcframework in Embed Frameworks */,
				A601D3202811919600078D0B /* Realm.xcframework in Embed Frameworks */,
			);
			name = "Embed Frameworks";
			runOnlyForDeploymentPostprocessing = 0;
		};
/* End PBXCopyFilesBuildPhase section */

/* Begin PBXFileReference section */
		A601D31D2811919600078D0B /* Realm.xcframework */ = {isa = PBXFileReference; lastKnownFileType = wrapper.xcframework; name = Realm.xcframework; path = Carthage/Build/Realm.xcframework; sourceTree = "<group>"; };
		A601D31E2811919600078D0B /* RealmSwift.xcframework */ = {isa = PBXFileReference; lastKnownFileType = wrapper.xcframework; name = RealmSwift.xcframework; path = Carthage/Build/RealmSwift.xcframework; sourceTree = "<group>"; };
		A601D324281191F800078D0B /* Car.swift */ = {isa = PBXFileReference; lastKnownFileType = sourcecode.swift; path = Car.swift; sourceTree = "<group>"; };
		A601D326281191FD00078D0B /* Note.swift */ = {isa = PBXFileReference; lastKnownFileType = sourcecode.swift; path = Note.swift; sourceTree = "<group>"; };
		A601D3282811920300078D0B /* Alert.swift */ = {isa = PBXFileReference; lastKnownFileType = sourcecode.swift; path = Alert.swift; sourceTree = "<group>"; };
		A601D32A281195AB00078D0B /* StorageManager.swift */ = {isa = PBXFileReference; lastKnownFileType = sourcecode.swift; path = StorageManager.swift; sourceTree = "<group>"; };
		A60A65702805DE1600C362C7 /* RxCocoa.xcframework */ = {isa = PBXFileReference; lastKnownFileType = wrapper.xcframework; name = RxCocoa.xcframework; path = Carthage/Build/RxCocoa.xcframework; sourceTree = "<group>"; };
		A60A65712805DE1700C362C7 /* RxRelay.xcframework */ = {isa = PBXFileReference; lastKnownFileType = wrapper.xcframework; name = RxRelay.xcframework; path = Carthage/Build/RxRelay.xcframework; sourceTree = "<group>"; };
		A60A65722805DE1700C362C7 /* RxSwift.xcframework */ = {isa = PBXFileReference; lastKnownFileType = wrapper.xcframework; name = RxSwift.xcframework; path = Carthage/Build/RxSwift.xcframework; sourceTree = "<group>"; };
		A60A65842806F45300C362C7 /* SnapKit.xcframework */ = {isa = PBXFileReference; lastKnownFileType = wrapper.xcframework; name = SnapKit.xcframework; path = Carthage/Build/SnapKit.xcframework; sourceTree = "<group>"; };
		A60A6589280741E500C362C7 /* MainVC.swift */ = {isa = PBXFileReference; lastKnownFileType = sourcecode.swift; path = MainVC.swift; sourceTree = "<group>"; };
		A60A658D2807443C00C362C7 /* StatisticsVC.swift */ = {isa = PBXFileReference; lastKnownFileType = sourcecode.swift; path = StatisticsVC.swift; sourceTree = "<group>"; };
		A60A65902807449A00C362C7 /* NotificationsVC.swift */ = {isa = PBXFileReference; lastKnownFileType = sourcecode.swift; path = NotificationsVC.swift; sourceTree = "<group>"; };
		A611FE5C28366D1E0068A3DC /* CarDetailTableViewAlertCell.swift */ = {isa = PBXFileReference; lastKnownFileType = sourcecode.swift; path = CarDetailTableViewAlertCell.swift; sourceTree = "<group>"; };
		A611FE5E283678D10068A3DC /* AddNoteTableViewCell.swift */ = {isa = PBXFileReference; lastKnownFileType = sourcecode.swift; path = AddNoteTableViewCell.swift; sourceTree = "<group>"; };
		A611FE602836DB7F0068A3DC /* CircularButton.swift */ = {isa = PBXFileReference; lastKnownFileType = sourcecode.swift; path = CircularButton.swift; sourceTree = "<group>"; };
		A623E7AB274917C600DAA850 /* AppFonts.swift */ = {isa = PBXFileReference; lastKnownFileType = sourcecode.swift; path = AppFonts.swift; sourceTree = "<group>"; };
		A636A031272452E100BAD6E8 /* CarManager.app */ = {isa = PBXFileReference; explicitFileType = wrapper.application; includeInIndex = 0; path = CarManager.app; sourceTree = BUILT_PRODUCTS_DIR; };
		A636A034272452E100BAD6E8 /* AppDelegate.swift */ = {isa = PBXFileReference; lastKnownFileType = sourcecode.swift; path = AppDelegate.swift; sourceTree = "<group>"; };
		A636A036272452E100BAD6E8 /* SceneDelegate.swift */ = {isa = PBXFileReference; lastKnownFileType = sourcecode.swift; path = SceneDelegate.swift; sourceTree = "<group>"; };
		A636A038272452E100BAD6E8 /* GarageVC.swift */ = {isa = PBXFileReference; lastKnownFileType = sourcecode.swift; path = GarageVC.swift; sourceTree = "<group>"; };
		A636A03D272452E200BAD6E8 /* Assets.xcassets */ = {isa = PBXFileReference; lastKnownFileType = folder.assetcatalog; path = Assets.xcassets; sourceTree = "<group>"; };
		A636A040272452E200BAD6E8 /* Base */ = {isa = PBXFileReference; lastKnownFileType = file.storyboard; name = Base; path = Base.lproj/LaunchScreen.storyboard; sourceTree = "<group>"; };
		A636A042272452E200BAD6E8 /* Info.plist */ = {isa = PBXFileReference; lastKnownFileType = text.plist.xml; path = Info.plist; sourceTree = "<group>"; };
		A636A04827248F9D00BAD6E8 /* config.swift */ = {isa = PBXFileReference; lastKnownFileType = sourcecode.swift; path = config.swift; sourceTree = "<group>"; };
		A63B477A2735778200B33295 /* NotificationManager.swift */ = {isa = PBXFileReference; lastKnownFileType = sourcecode.swift; path = NotificationManager.swift; sourceTree = "<group>"; };
		A65CC3FE27E87FB700AC5FE4 /* GarageScreenViewModel.swift */ = {isa = PBXFileReference; lastKnownFileType = sourcecode.swift; path = GarageScreenViewModel.swift; sourceTree = "<group>"; };
		A66040E5282C06F700133E1A /* NewCarViewController.swift */ = {isa = PBXFileReference; lastKnownFileType = sourcecode.swift; path = NewCarViewController.swift; sourceTree = "<group>"; };
		A68BF7CB28415A2500227123 /* ImagePickerController.swift */ = {isa = PBXFileReference; lastKnownFileType = sourcecode.swift; path = ImagePickerController.swift; sourceTree = "<group>"; };
		A68CE0EF2848A1A900628391 /* ExtendedUIImage.swift */ = {isa = PBXFileReference; lastKnownFileType = sourcecode.swift; path = ExtendedUIImage.swift; sourceTree = "<group>"; };
		A68CE0F12848B10300628391 /* ExtendedUIColor.swift */ = {isa = PBXFileReference; lastKnownFileType = sourcecode.swift; path = ExtendedUIColor.swift; sourceTree = "<group>"; };
		A690E49028342F83005EDC0E /* CarDetailTableViewNoteCell.swift */ = {isa = PBXFileReference; lastKnownFileType = sourcecode.swift; path = CarDetailTableViewNoteCell.swift; sourceTree = "<group>"; };
		A69A0BFB2846A64100C80E0C /* NoteTableView.swift */ = {isa = PBXFileReference; lastKnownFileType = sourcecode.swift; path = NoteTableView.swift; sourceTree = "<group>"; };
		A69A0BFD2846AC8000C80E0C /* PieChartView.swift */ = {isa = PBXFileReference; lastKnownFileType = sourcecode.swift; path = PieChartView.swift; sourceTree = "<group>"; };
		A69D84FB281316CE0008843C /* StorageError.swift */ = {isa = PBXFileReference; lastKnownFileType = sourcecode.swift; path = StorageError.swift; sourceTree = "<group>"; };
		A6A549DF2729C33D00534A8F /* CarInfo.swift */ = {isa = PBXFileReference; lastKnownFileType = sourcecode.swift; path = CarInfo.swift; sourceTree = "<group>"; };
		A6BE0D7427399EDF005B1DEC /* NetworkManager.swift */ = {isa = PBXFileReference; lastKnownFileType = sourcecode.swift; path = NetworkManager.swift; sourceTree = "<group>"; };
		A6BE0D77273A77B2005B1DEC /* LocationManager.swift */ = {isa = PBXFileReference; lastKnownFileType = sourcecode.swift; path = LocationManager.swift; sourceTree = "<group>"; };
		A6CAC481282E60A700C2628D /* NewCarTableViewCell.swift */ = {isa = PBXFileReference; lastKnownFileType = sourcecode.swift; path = NewCarTableViewCell.swift; sourceTree = "<group>"; };
		A6D478A728181817001547B3 /* GarageScreenDIContainer.swift */ = {isa = PBXFileReference; lastKnownFileType = sourcecode.swift; path = GarageScreenDIContainer.swift; sourceTree = "<group>"; };
		A6D478A928181840001547B3 /* NewCarScreenDIContainer.swift */ = {isa = PBXFileReference; lastKnownFileType = sourcecode.swift; path = NewCarScreenDIContainer.swift; sourceTree = "<group>"; };
		A6D478AB28181850001547B3 /* CarDetailsScreenDIContainer.swift */ = {isa = PBXFileReference; lastKnownFileType = sourcecode.swift; path = CarDetailsScreenDIContainer.swift; sourceTree = "<group>"; };
		A6D478AD2818186B001547B3 /* StatisticsScreenDIContainer.swift */ = {isa = PBXFileReference; lastKnownFileType = sourcecode.swift; path = StatisticsScreenDIContainer.swift; sourceTree = "<group>"; };
		A6D478B2281818C2001547B3 /* NotificationsScreenDIContainer.swift */ = {isa = PBXFileReference; lastKnownFileType = sourcecode.swift; path = NotificationsScreenDIContainer.swift; sourceTree = "<group>"; };
		A6D478B428187CB3001547B3 /* NotificationsViewModel.swift */ = {isa = PBXFileReference; lastKnownFileType = sourcecode.swift; path = NotificationsViewModel.swift; sourceTree = "<group>"; };
		A6D478B628187CBF001547B3 /* StatisticsViewModel.swift */ = {isa = PBXFileReference; lastKnownFileType = sourcecode.swift; path = StatisticsViewModel.swift; sourceTree = "<group>"; };
		A6D478B828187CCF001547B3 /* CarDetailsViewModel.swift */ = {isa = PBXFileReference; lastKnownFileType = sourcecode.swift; path = CarDetailsViewModel.swift; sourceTree = "<group>"; };
		A6D478BA281883F5001547B3 /* AppDIContainer.swift */ = {isa = PBXFileReference; lastKnownFileType = sourcecode.swift; path = AppDIContainer.swift; sourceTree = "<group>"; };
		A6D478BC28188400001547B3 /* MainScreenDIContainer.swift */ = {isa = PBXFileReference; lastKnownFileType = sourcecode.swift; path = MainScreenDIContainer.swift; sourceTree = "<group>"; };
		A6D478BE28188650001547B3 /* NewCarViewModel.swift */ = {isa = PBXFileReference; lastKnownFileType = sourcecode.swift; path = NewCarViewModel.swift; sourceTree = "<group>"; };
		A6D79AFB274B71CF00EAC5EB /* CarCollectionViewCell.swift */ = {isa = PBXFileReference; lastKnownFileType = sourcecode.swift; path = CarCollectionViewCell.swift; sourceTree = "<group>"; };
		A6D79B13274CF27300EAC5EB /* CarCollectionLayout.swift */ = {isa = PBXFileReference; lastKnownFileType = sourcecode.swift; path = CarCollectionLayout.swift; sourceTree = "<group>"; };
		A6EEB04A2726FFB200715F3A /* CarDetailsVC.swift */ = {isa = PBXFileReference; lastKnownFileType = sourcecode.swift; path = CarDetailsVC.swift; sourceTree = "<group>"; };
		A6F2C5822847698A0025A75B /* StatisticsTableViewCell.swift */ = {isa = PBXFileReference; lastKnownFileType = sourcecode.swift; path = StatisticsTableViewCell.swift; sourceTree = "<group>"; };
		A6F2C58428476D790025A75B /* PieChartHeaderView.swift */ = {isa = PBXFileReference; lastKnownFileType = sourcecode.swift; path = PieChartHeaderView.swift; sourceTree = "<group>"; };
		A6FC2AAB28313C0100D40FB6 /* CircularImageView.swift */ = {isa = PBXFileReference; lastKnownFileType = sourcecode.swift; path = CircularImageView.swift; sourceTree = "<group>"; };
		A6FC2AAD28313FE700D40FB6 /* CarDetailTableHeader.swift */ = {isa = PBXFileReference; lastKnownFileType = sourcecode.swift; path = CarDetailTableHeader.swift; sourceTree = "<group>"; };
/* End PBXFileReference section */

/* Begin PBXFrameworksBuildPhase section */
		A636A02E272452E100BAD6E8 /* Frameworks */ = {
			isa = PBXFrameworksBuildPhase;
			buildActionMask = 2147483647;
			files = (
				A60A65852806F45300C362C7 /* SnapKit.xcframework in Frameworks */,
				A601D3212811919600078D0B /* RealmSwift.xcframework in Frameworks */,
				A60A65812806CBE000C362C7 /* RxSwift.xcframework in Frameworks */,
				A60A657D2806CBE000C362C7 /* RxCocoa.xcframework in Frameworks */,
				A60A657F2806CBE000C362C7 /* RxRelay.xcframework in Frameworks */,
				A601D31F2811919600078D0B /* Realm.xcframework in Frameworks */,
			);
			runOnlyForDeploymentPostprocessing = 0;
		};
/* End PBXFrameworksBuildPhase section */

/* Begin PBXGroup section */
		A601D323281191DD00078D0B /* StorageObjects */ = {
			isa = PBXGroup;
			children = (
				A6A549DF2729C33D00534A8F /* CarInfo.swift */,
				A601D324281191F800078D0B /* Car.swift */,
				A601D326281191FD00078D0B /* Note.swift */,
				A601D3282811920300078D0B /* Alert.swift */,
			);
			path = StorageObjects;
			sourceTree = "<group>";
		};
		A60A658728073B3300C362C7 /* TabBar */ = {
			isa = PBXGroup;
			children = (
				A60A6589280741E500C362C7 /* MainVC.swift */,
				A60A658F2807448000C362C7 /* NotificationsScreen */,
				A60A658C280743F600C362C7 /* StatisticsScreen */,
				A60A658B280743DD00C362C7 /* CarDetailScreen */,
				A60A658828073B6D00C362C7 /* GarageScreen */,
			);
			path = TabBar;
			sourceTree = "<group>";
		};
		A60A658828073B6D00C362C7 /* GarageScreen */ = {
			isa = PBXGroup;
			children = (
				A636A038272452E100BAD6E8 /* GarageVC.swift */,
				A65CC3FE27E87FB700AC5FE4 /* GarageScreenViewModel.swift */,
				A6D79AFB274B71CF00EAC5EB /* CarCollectionViewCell.swift */,
				A6D79B13274CF27300EAC5EB /* CarCollectionLayout.swift */,
			);
			path = GarageScreen;
			sourceTree = "<group>";
		};
		A60A658B280743DD00C362C7 /* CarDetailScreen */ = {
			isa = PBXGroup;
			children = (
				A6EEB04A2726FFB200715F3A /* CarDetailsVC.swift */,
				A6D478B828187CCF001547B3 /* CarDetailsViewModel.swift */,
				A6FC2AAD28313FE700D40FB6 /* CarDetailTableHeader.swift */,
				A690E49028342F83005EDC0E /* CarDetailTableViewNoteCell.swift */,
				A611FE5C28366D1E0068A3DC /* CarDetailTableViewAlertCell.swift */,
				A611FE5E283678D10068A3DC /* AddNoteTableViewCell.swift */,
			);
			path = CarDetailScreen;
			sourceTree = "<group>";
		};
		A60A658C280743F600C362C7 /* StatisticsScreen */ = {
			isa = PBXGroup;
			children = (
				A60A658D2807443C00C362C7 /* StatisticsVC.swift */,
				A6D478B628187CBF001547B3 /* StatisticsViewModel.swift */,
				A6F2C5822847698A0025A75B /* StatisticsTableViewCell.swift */,
				A6F2C58428476D790025A75B /* PieChartHeaderView.swift */,
			);
			path = StatisticsScreen;
			sourceTree = "<group>";
		};
		A60A658F2807448000C362C7 /* NotificationsScreen */ = {
			isa = PBXGroup;
			children = (
				A60A65902807449A00C362C7 /* NotificationsVC.swift */,
				A6D478B428187CB3001547B3 /* NotificationsViewModel.swift */,
			);
			path = NotificationsScreen;
			sourceTree = "<group>";
		};
		A636A028272452E100BAD6E8 = {
			isa = PBXGroup;
			children = (
				A636A04827248F9D00BAD6E8 /* config.swift */,
				A636A033272452E100BAD6E8 /* CarManager */,
				A636A032272452E100BAD6E8 /* Products */,
				A692A05F2747CE13005962C2 /* Frameworks */,
			);
			sourceTree = "<group>";
		};
		A636A032272452E100BAD6E8 /* Products */ = {
			isa = PBXGroup;
			children = (
				A636A031272452E100BAD6E8 /* CarManager.app */,
			);
			name = Products;
			sourceTree = "<group>";
		};
		A636A033272452E100BAD6E8 /* CarManager */ = {
			isa = PBXGroup;
			children = (
				A67C84CC2815AC8C00864F65 /* DependencyContainers */,
				A6A549DE2729C33300534A8F /* Resources */,
				A6EEB04E2727021500715F3A /* Screens */,
				A636A034272452E100BAD6E8 /* AppDelegate.swift */,
				A636A036272452E100BAD6E8 /* SceneDelegate.swift */,
				A636A03D272452E200BAD6E8 /* Assets.xcassets */,
				A636A03F272452E200BAD6E8 /* LaunchScreen.storyboard */,
				A636A042272452E200BAD6E8 /* Info.plist */,
			);
			path = CarManager;
			sourceTree = "<group>";
		};
		A67C84CC2815AC8C00864F65 /* DependencyContainers */ = {
			isa = PBXGroup;
			children = (
				A6D478BA281883F5001547B3 /* AppDIContainer.swift */,
				A6D478BC28188400001547B3 /* MainScreenDIContainer.swift */,
				A6D478A728181817001547B3 /* GarageScreenDIContainer.swift */,
				A6D478B2281818C2001547B3 /* NotificationsScreenDIContainer.swift */,
				A6D478AD2818186B001547B3 /* StatisticsScreenDIContainer.swift */,
				A6D478A928181840001547B3 /* NewCarScreenDIContainer.swift */,
				A6D478AB28181850001547B3 /* CarDetailsScreenDIContainer.swift */,
			);
			path = DependencyContainers;
			sourceTree = "<group>";
		};
		A692A05F2747CE13005962C2 /* Frameworks */ = {
			isa = PBXGroup;
			children = (
				A601D31D2811919600078D0B /* Realm.xcframework */,
				A601D31E2811919600078D0B /* RealmSwift.xcframework */,
				A60A65842806F45300C362C7 /* SnapKit.xcframework */,
				A60A65702805DE1600C362C7 /* RxCocoa.xcframework */,
				A60A65712805DE1700C362C7 /* RxRelay.xcframework */,
				A60A65722805DE1700C362C7 /* RxSwift.xcframework */,
			);
			name = Frameworks;
			sourceTree = "<group>";
		};
		A69D84FA281316AA0008843C /* InternalStorage */ = {
			isa = PBXGroup;
			children = (
				A601D32A281195AB00078D0B /* StorageManager.swift */,
				A69D84FB281316CE0008843C /* StorageError.swift */,
				A601D323281191DD00078D0B /* StorageObjects */,
			);
			path = InternalStorage;
			sourceTree = "<group>";
		};
		A6A549D92729943900534A8F /* NewCarScreen */ = {
			isa = PBXGroup;
			children = (
				A6D478BE28188650001547B3 /* NewCarViewModel.swift */,
				A66040E5282C06F700133E1A /* NewCarViewController.swift */,
				A6CAC481282E60A700C2628D /* NewCarTableViewCell.swift */,
			);
			path = NewCarScreen;
			sourceTree = "<group>";
		};
		A6A549DE2729C33300534A8F /* Resources */ = {
			isa = PBXGroup;
			children = (
				A69D84FA281316AA0008843C /* InternalStorage */,
				A63B477A2735778200B33295 /* NotificationManager.swift */,
				A6BE0D7427399EDF005B1DEC /* NetworkManager.swift */,
				A6BE0D77273A77B2005B1DEC /* LocationManager.swift */,
				A623E7AB274917C600DAA850 /* AppFonts.swift */,
			);
			path = Resources;
			sourceTree = "<group>";
		};
		A6EEB04E2727021500715F3A /* Screens */ = {
			isa = PBXGroup;
			children = (
				A6FC2AAA28313BE600D40FB6 /* Additional Views */,
				A60A658728073B3300C362C7 /* TabBar */,
				A6A549D92729943900534A8F /* NewCarScreen */,
			);
			path = Screens;
			sourceTree = "<group>";
		};
		A6FC2AAA28313BE600D40FB6 /* Additional Views */ = {
			isa = PBXGroup;
			children = (
				A6FC2AAB28313C0100D40FB6 /* CircularImageView.swift */,
				A611FE602836DB7F0068A3DC /* CircularButton.swift */,
				A68BF7CB28415A2500227123 /* ImagePickerController.swift */,
				A69A0BFB2846A64100C80E0C /* NoteTableView.swift */,
				A69A0BFD2846AC8000C80E0C /* PieChartView.swift */,
				A68CE0EF2848A1A900628391 /* ExtendedUIImage.swift */,
				A68CE0F12848B10300628391 /* ExtendedUIColor.swift */,
			);
			path = "Additional Views";
			sourceTree = "<group>";
		};
/* End PBXGroup section */

/* Begin PBXNativeTarget section */
		A636A030272452E100BAD6E8 /* CarManager */ = {
			isa = PBXNativeTarget;
			buildConfigurationList = A636A045272452E200BAD6E8 /* Build configuration list for PBXNativeTarget "CarManager" */;
			buildPhases = (
				A636A02D272452E100BAD6E8 /* Sources */,
				A636A02E272452E100BAD6E8 /* Frameworks */,
				A636A02F272452E100BAD6E8 /* Resources */,
				A60A65832806CBE000C362C7 /* Embed Frameworks */,
				A68CE0F32849049300628391 /* ShellScript */,
			);
			buildRules = (
			);
			dependencies = (
			);
			name = CarManager;
			productName = CarManager;
			productReference = A636A031272452E100BAD6E8 /* CarManager.app */;
			productType = "com.apple.product-type.application";
		};
/* End PBXNativeTarget section */

/* Begin PBXProject section */
		A636A029272452E100BAD6E8 /* Project object */ = {
			isa = PBXProject;
			attributes = {
				BuildIndependentTargetsInParallel = 1;
				LastSwiftUpdateCheck = 1300;
				LastUpgradeCheck = 1300;
				TargetAttributes = {
					A636A030272452E100BAD6E8 = {
						CreatedOnToolsVersion = 13.0;
					};
				};
			};
			buildConfigurationList = A636A02C272452E100BAD6E8 /* Build configuration list for PBXProject "CarManager" */;
			compatibilityVersion = "Xcode 13.0";
			developmentRegion = en;
			hasScannedForEncodings = 0;
			knownRegions = (
				en,
				Base,
			);
			mainGroup = A636A028272452E100BAD6E8;
			productRefGroup = A636A032272452E100BAD6E8 /* Products */;
			projectDirPath = "";
			projectRoot = "";
			targets = (
				A636A030272452E100BAD6E8 /* CarManager */,
			);
		};
/* End PBXProject section */

/* Begin PBXResourcesBuildPhase section */
		A636A02F272452E100BAD6E8 /* Resources */ = {
			isa = PBXResourcesBuildPhase;
			buildActionMask = 2147483647;
			files = (
				A636A041272452E200BAD6E8 /* LaunchScreen.storyboard in Resources */,
				A636A03E272452E200BAD6E8 /* Assets.xcassets in Resources */,
			);
			runOnlyForDeploymentPostprocessing = 0;
		};
/* End PBXResourcesBuildPhase section */

/* Begin PBXShellScriptBuildPhase section */
		A68CE0F32849049300628391 /* ShellScript */ = {
			isa = PBXShellScriptBuildPhase;
			buildActionMask = 2147483647;
			files = (
			);
			inputFileListPaths = (
			);
			inputPaths = (
			);
			outputFileListPaths = (
			);
			outputPaths = (
			);
			runOnlyForDeploymentPostprocessing = 0;
			shellPath = /bin/sh;
			shellScript = "if test -d \"/opt/homebrew/bin/\"; then\n  PATH=\"/opt/homebrew/bin/:${PATH}\"\nfi\n\nexport PATH\n\nif which swiftlint >/dev/null; then\n  swiftlint\nelse\n  echo \"warning: SwiftLint not installed, download from https://github.com/realm/SwiftLint\"\nfi\n";
		};
/* End PBXShellScriptBuildPhase section */

/* Begin PBXSourcesBuildPhase section */
		A636A02D272452E100BAD6E8 /* Sources */ = {
			isa = PBXSourcesBuildPhase;
			buildActionMask = 2147483647;
			files = (
				A6D478BB281883F5001547B3 /* AppDIContainer.swift in Sources */,
				A6FC2AAC28313C0100D40FB6 /* CircularImageView.swift in Sources */,
				A6D79AFD274B71CF00EAC5EB /* CarCollectionViewCell.swift in Sources */,
				A69A0BFC2846A64100C80E0C /* NoteTableView.swift in Sources */,
				A69A0BFE2846AC8000C80E0C /* PieChartView.swift in Sources */,
				A601D325281191F800078D0B /* Car.swift in Sources */,
				A6D478B928187CCF001547B3 /* CarDetailsViewModel.swift in Sources */,
				A69D84FC281316CE0008843C /* StorageError.swift in Sources */,
				A60A658A280741E500C362C7 /* MainVC.swift in Sources */,
				A68CE0F22848B10300628391 /* ExtendedUIColor.swift in Sources */,
				A6D478B3281818C2001547B3 /* NotificationsScreenDIContainer.swift in Sources */,
				A65CC3FF27E87FB700AC5FE4 /* GarageScreenViewModel.swift in Sources */,
				A623E7AC274917C600DAA850 /* AppFonts.swift in Sources */,
				A6D478B528187CB3001547B3 /* NotificationsViewModel.swift in Sources */,
				A60A658E2807443C00C362C7 /* StatisticsVC.swift in Sources */,
				A611FE612836DB7F0068A3DC /* CircularButton.swift in Sources */,
				A6EEB04C2726FFB200715F3A /* CarDetailsVC.swift in Sources */,
				A636A039272452E100BAD6E8 /* GarageVC.swift in Sources */,
				A6CAC482282E60A700C2628D /* NewCarTableViewCell.swift in Sources */,
				A601D327281191FD00078D0B /* Note.swift in Sources */,
				A60A65912807449A00C362C7 /* NotificationsVC.swift in Sources */,
				A6D478AE2818186B001547B3 /* StatisticsScreenDIContainer.swift in Sources */,
				A68BF7CC28415A2500227123 /* ImagePickerController.swift in Sources */,
				A6BE0D7527399EDF005B1DEC /* NetworkManager.swift in Sources */,
				A636A04927248F9D00BAD6E8 /* config.swift in Sources */,
				A68CE0F02848A1A900628391 /* ExtendedUIImage.swift in Sources */,
				A636A035272452E100BAD6E8 /* AppDelegate.swift in Sources */,
				A601D32B281195AB00078D0B /* StorageManager.swift in Sources */,
				A6A549E02729C33D00534A8F /* CarInfo.swift in Sources */,
				A6D478BF28188650001547B3 /* NewCarViewModel.swift in Sources */,
				A63B477B2735778200B33295 /* NotificationManager.swift in Sources */,
				A6D478AA28181840001547B3 /* NewCarScreenDIContainer.swift in Sources */,
				A6F2C5832847698A0025A75B /* StatisticsTableViewCell.swift in Sources */,
				A6BE0D78273A77B2005B1DEC /* LocationManager.swift in Sources */,
				A6D478B728187CBF001547B3 /* StatisticsViewModel.swift in Sources */,
				A6D478A828181817001547B3 /* GarageScreenDIContainer.swift in Sources */,
				A6D478AC28181850001547B3 /* CarDetailsScreenDIContainer.swift in Sources */,
				A6D79B14274CF27300EAC5EB /* CarCollectionLayout.swift in Sources */,
				A6D478BD28188400001547B3 /* MainScreenDIContainer.swift in Sources */,
				A6F2C58528476D790025A75B /* PieChartHeaderView.swift in Sources */,
				A6FC2AAE28313FE700D40FB6 /* CarDetailTableHeader.swift in Sources */,
				A611FE5D28366D1E0068A3DC /* CarDetailTableViewAlertCell.swift in Sources */,
				A66040E7282C06F700133E1A /* NewCarViewController.swift in Sources */,
				A601D3292811920300078D0B /* Alert.swift in Sources */,
				A636A037272452E100BAD6E8 /* SceneDelegate.swift in Sources */,
				A690E49128342F83005EDC0E /* CarDetailTableViewNoteCell.swift in Sources */,
				A611FE5F283678D10068A3DC /* AddNoteTableViewCell.swift in Sources */,
			);
			runOnlyForDeploymentPostprocessing = 0;
		};
/* End PBXSourcesBuildPhase section */

/* Begin PBXVariantGroup section */
		A636A03F272452E200BAD6E8 /* LaunchScreen.storyboard */ = {
			isa = PBXVariantGroup;
			children = (
				A636A040272452E200BAD6E8 /* Base */,
			);
			name = LaunchScreen.storyboard;
			sourceTree = "<group>";
		};
/* End PBXVariantGroup section */

/* Begin XCBuildConfiguration section */
		A636A043272452E200BAD6E8 /* Debug */ = {
			isa = XCBuildConfiguration;
			buildSettings = {
				ALWAYS_SEARCH_USER_PATHS = NO;
				CLANG_ANALYZER_NONNULL = YES;
				CLANG_ANALYZER_NUMBER_OBJECT_CONVERSION = YES_AGGRESSIVE;
				CLANG_CXX_LANGUAGE_STANDARD = "gnu++17";
				CLANG_CXX_LIBRARY = "libc++";
				CLANG_ENABLE_MODULES = YES;
				CLANG_ENABLE_OBJC_ARC = YES;
				CLANG_ENABLE_OBJC_WEAK = YES;
				CLANG_WARN_BLOCK_CAPTURE_AUTORELEASING = YES;
				CLANG_WARN_BOOL_CONVERSION = YES;
				CLANG_WARN_COMMA = YES;
				CLANG_WARN_CONSTANT_CONVERSION = YES;
				CLANG_WARN_DEPRECATED_OBJC_IMPLEMENTATIONS = YES;
				CLANG_WARN_DIRECT_OBJC_ISA_USAGE = YES_ERROR;
				CLANG_WARN_DOCUMENTATION_COMMENTS = YES;
				CLANG_WARN_EMPTY_BODY = YES;
				CLANG_WARN_ENUM_CONVERSION = YES;
				CLANG_WARN_INFINITE_RECURSION = YES;
				CLANG_WARN_INT_CONVERSION = YES;
				CLANG_WARN_NON_LITERAL_NULL_CONVERSION = YES;
				CLANG_WARN_OBJC_IMPLICIT_RETAIN_SELF = YES;
				CLANG_WARN_OBJC_LITERAL_CONVERSION = YES;
				CLANG_WARN_OBJC_ROOT_CLASS = YES_ERROR;
				CLANG_WARN_QUOTED_INCLUDE_IN_FRAMEWORK_HEADER = YES;
				CLANG_WARN_RANGE_LOOP_ANALYSIS = YES;
				CLANG_WARN_STRICT_PROTOTYPES = YES;
				CLANG_WARN_SUSPICIOUS_MOVE = YES;
				CLANG_WARN_UNGUARDED_AVAILABILITY = YES_AGGRESSIVE;
				CLANG_WARN_UNREACHABLE_CODE = YES;
				CLANG_WARN__DUPLICATE_METHOD_MATCH = YES;
				COPY_PHASE_STRIP = NO;
				DEBUG_INFORMATION_FORMAT = dwarf;
				ENABLE_STRICT_OBJC_MSGSEND = YES;
				ENABLE_TESTABILITY = YES;
				GCC_C_LANGUAGE_STANDARD = gnu11;
				GCC_DYNAMIC_NO_PIC = NO;
				GCC_NO_COMMON_BLOCKS = YES;
				GCC_OPTIMIZATION_LEVEL = 0;
				GCC_PREPROCESSOR_DEFINITIONS = (
					"DEBUG=1",
					"$(inherited)",
				);
				GCC_WARN_64_TO_32_BIT_CONVERSION = YES;
				GCC_WARN_ABOUT_RETURN_TYPE = YES_ERROR;
				GCC_WARN_UNDECLARED_SELECTOR = YES;
				GCC_WARN_UNINITIALIZED_AUTOS = YES_AGGRESSIVE;
				GCC_WARN_UNUSED_FUNCTION = YES;
				GCC_WARN_UNUSED_VARIABLE = YES;
				IPHONEOS_DEPLOYMENT_TARGET = 11.0;
				MTL_ENABLE_DEBUG_INFO = INCLUDE_SOURCE;
				MTL_FAST_MATH = YES;
				ONLY_ACTIVE_ARCH = YES;
				SDKROOT = iphoneos;
				SWIFT_ACTIVE_COMPILATION_CONDITIONS = DEBUG;
				SWIFT_OPTIMIZATION_LEVEL = "-Onone";
			};
			name = Debug;
		};
		A636A044272452E200BAD6E8 /* Release */ = {
			isa = XCBuildConfiguration;
			buildSettings = {
				ALWAYS_SEARCH_USER_PATHS = NO;
				CLANG_ANALYZER_NONNULL = YES;
				CLANG_ANALYZER_NUMBER_OBJECT_CONVERSION = YES_AGGRESSIVE;
				CLANG_CXX_LANGUAGE_STANDARD = "gnu++17";
				CLANG_CXX_LIBRARY = "libc++";
				CLANG_ENABLE_MODULES = YES;
				CLANG_ENABLE_OBJC_ARC = YES;
				CLANG_ENABLE_OBJC_WEAK = YES;
				CLANG_WARN_BLOCK_CAPTURE_AUTORELEASING = YES;
				CLANG_WARN_BOOL_CONVERSION = YES;
				CLANG_WARN_COMMA = YES;
				CLANG_WARN_CONSTANT_CONVERSION = YES;
				CLANG_WARN_DEPRECATED_OBJC_IMPLEMENTATIONS = YES;
				CLANG_WARN_DIRECT_OBJC_ISA_USAGE = YES_ERROR;
				CLANG_WARN_DOCUMENTATION_COMMENTS = YES;
				CLANG_WARN_EMPTY_BODY = YES;
				CLANG_WARN_ENUM_CONVERSION = YES;
				CLANG_WARN_INFINITE_RECURSION = YES;
				CLANG_WARN_INT_CONVERSION = YES;
				CLANG_WARN_NON_LITERAL_NULL_CONVERSION = YES;
				CLANG_WARN_OBJC_IMPLICIT_RETAIN_SELF = YES;
				CLANG_WARN_OBJC_LITERAL_CONVERSION = YES;
				CLANG_WARN_OBJC_ROOT_CLASS = YES_ERROR;
				CLANG_WARN_QUOTED_INCLUDE_IN_FRAMEWORK_HEADER = YES;
				CLANG_WARN_RANGE_LOOP_ANALYSIS = YES;
				CLANG_WARN_STRICT_PROTOTYPES = YES;
				CLANG_WARN_SUSPICIOUS_MOVE = YES;
				CLANG_WARN_UNGUARDED_AVAILABILITY = YES_AGGRESSIVE;
				CLANG_WARN_UNREACHABLE_CODE = YES;
				CLANG_WARN__DUPLICATE_METHOD_MATCH = YES;
				COPY_PHASE_STRIP = NO;
				DEBUG_INFORMATION_FORMAT = "dwarf-with-dsym";
				ENABLE_NS_ASSERTIONS = NO;
				ENABLE_STRICT_OBJC_MSGSEND = YES;
				GCC_C_LANGUAGE_STANDARD = gnu11;
				GCC_NO_COMMON_BLOCKS = YES;
				GCC_WARN_64_TO_32_BIT_CONVERSION = YES;
				GCC_WARN_ABOUT_RETURN_TYPE = YES_ERROR;
				GCC_WARN_UNDECLARED_SELECTOR = YES;
				GCC_WARN_UNINITIALIZED_AUTOS = YES_AGGRESSIVE;
				GCC_WARN_UNUSED_FUNCTION = YES;
				GCC_WARN_UNUSED_VARIABLE = YES;
				IPHONEOS_DEPLOYMENT_TARGET = 11.0;
				MTL_ENABLE_DEBUG_INFO = NO;
				MTL_FAST_MATH = YES;
				SDKROOT = iphoneos;
				SWIFT_COMPILATION_MODE = wholemodule;
				SWIFT_OPTIMIZATION_LEVEL = "-O";
				VALIDATE_PRODUCT = YES;
			};
			name = Release;
		};
		A636A046272452E200BAD6E8 /* Debug */ = {
			isa = XCBuildConfiguration;
			buildSettings = {
				ASSETCATALOG_COMPILER_APPICON_NAME = AppIcon;
				ASSETCATALOG_COMPILER_GLOBAL_ACCENT_COLOR_NAME = AccentColor;
				CODE_SIGN_STYLE = Automatic;
				CURRENT_PROJECT_VERSION = 1;
				DEVELOPMENT_TEAM = 4LT66343UC;
				FRAMEWORK_SEARCH_PATHS = (
					"$(inherited)",
					"$(PROJECT_DIR)/Carthage/Build/iOS",
				);
				GENERATE_INFOPLIST_FILE = YES;
				INFOPLIST_FILE = CarManager/Info.plist;
				INFOPLIST_KEY_UIApplicationSupportsIndirectInputEvents = YES;
				INFOPLIST_KEY_UILaunchStoryboardName = LaunchScreen;
				INFOPLIST_KEY_UISupportedInterfaceOrientations_iPad = "UIInterfaceOrientationPortrait UIInterfaceOrientationPortraitUpsideDown UIInterfaceOrientationLandscapeLeft UIInterfaceOrientationLandscapeRight";
				INFOPLIST_KEY_UISupportedInterfaceOrientations_iPhone = "UIInterfaceOrientationPortrait UIInterfaceOrientationLandscapeLeft UIInterfaceOrientationLandscapeRight";
				IPHONEOS_DEPLOYMENT_TARGET = 13.0;
				LD_RUNPATH_SEARCH_PATHS = (
					"$(inherited)",
					"@executable_path/Frameworks",
				);
				MARKETING_VERSION = 1.0;
				PRODUCT_BUNDLE_IDENTIFIER = seryogas.CarManager;
				PRODUCT_NAME = "$(TARGET_NAME)";
				SWIFT_EMIT_LOC_STRINGS = YES;
				SWIFT_VERSION = 5.0;
				TARGETED_DEVICE_FAMILY = "1,2";
			};
			name = Debug;
		};
		A636A047272452E200BAD6E8 /* Release */ = {
			isa = XCBuildConfiguration;
			buildSettings = {
				ASSETCATALOG_COMPILER_APPICON_NAME = AppIcon;
				ASSETCATALOG_COMPILER_GLOBAL_ACCENT_COLOR_NAME = AccentColor;
				CODE_SIGN_STYLE = Automatic;
				CURRENT_PROJECT_VERSION = 1;
				DEVELOPMENT_TEAM = 4LT66343UC;
				FRAMEWORK_SEARCH_PATHS = (
					"$(inherited)",
					"$(PROJECT_DIR)/Carthage/Build/iOS",
				);
				GENERATE_INFOPLIST_FILE = YES;
				INFOPLIST_FILE = CarManager/Info.plist;
				INFOPLIST_KEY_UIApplicationSupportsIndirectInputEvents = YES;
				INFOPLIST_KEY_UILaunchStoryboardName = LaunchScreen;
				INFOPLIST_KEY_UISupportedInterfaceOrientations_iPad = "UIInterfaceOrientationPortrait UIInterfaceOrientationPortraitUpsideDown UIInterfaceOrientationLandscapeLeft UIInterfaceOrientationLandscapeRight";
				INFOPLIST_KEY_UISupportedInterfaceOrientations_iPhone = "UIInterfaceOrientationPortrait UIInterfaceOrientationLandscapeLeft UIInterfaceOrientationLandscapeRight";
				IPHONEOS_DEPLOYMENT_TARGET = 13.0;
				LD_RUNPATH_SEARCH_PATHS = (
					"$(inherited)",
					"@executable_path/Frameworks",
				);
				MARKETING_VERSION = 1.0;
				PRODUCT_BUNDLE_IDENTIFIER = seryogas.CarManager;
				PRODUCT_NAME = "$(TARGET_NAME)";
				SWIFT_EMIT_LOC_STRINGS = YES;
				SWIFT_VERSION = 5.0;
				TARGETED_DEVICE_FAMILY = "1,2";
			};
			name = Release;
		};
/* End XCBuildConfiguration section */

/* Begin XCConfigurationList section */
		A636A02C272452E100BAD6E8 /* Build configuration list for PBXProject "CarManager" */ = {
			isa = XCConfigurationList;
			buildConfigurations = (
				A636A043272452E200BAD6E8 /* Debug */,
				A636A044272452E200BAD6E8 /* Release */,
			);
			defaultConfigurationIsVisible = 0;
			defaultConfigurationName = Release;
		};
		A636A045272452E200BAD6E8 /* Build configuration list for PBXNativeTarget "CarManager" */ = {
			isa = XCConfigurationList;
			buildConfigurations = (
				A636A046272452E200BAD6E8 /* Debug */,
				A636A047272452E200BAD6E8 /* Release */,
			);
			defaultConfigurationIsVisible = 0;
			defaultConfigurationName = Release;
		};
/* End XCConfigurationList section */
	};
	rootObject = A636A029272452E100BAD6E8 /* Project object */;
}
